// !$*UTF8*$!
{
	archiveVersion = 1;
	classes = {
	};
	objectVersion = 50;
	objects = {

/* Begin PBXBuildFile section */
		A9889C5B24A3ED9D00D21CAB /* CreateComplicationsForAppleWatch WatchKit App.app in Embed Watch Content */ = {isa = PBXBuildFile; fileRef = A9889C5A24A3ED9D00D21CAB /* CreateComplicationsForAppleWatch WatchKit App.app */; settings = {ATTRIBUTES = (RemoveHeadersOnCopy, ); }; };
		A9889C6024A3ED9E00D21CAB /* Assets.xcassets in Resources */ = {isa = PBXBuildFile; fileRef = A9889C5F24A3ED9E00D21CAB /* Assets.xcassets */; };
		A9889C6724A3ED9F00D21CAB /* CreateComplicationsForAppleWatch WatchKit Extension.appex in Embed App Extensions */ = {isa = PBXBuildFile; fileRef = A9889C6624A3ED9F00D21CAB /* CreateComplicationsForAppleWatch WatchKit Extension.appex */; settings = {ATTRIBUTES = (RemoveHeadersOnCopy, ); }; };
		A9889C6C24A3ED9F00D21CAB /* CreateComplicationsForAppleWatchApp.swift in Sources */ = {isa = PBXBuildFile; fileRef = A9889C6B24A3ED9F00D21CAB /* CreateComplicationsForAppleWatchApp.swift */; };
		A9889C6E24A3ED9F00D21CAB /* ContentView.swift in Sources */ = {isa = PBXBuildFile; fileRef = A9889C6D24A3ED9F00D21CAB /* ContentView.swift */; };
		A9889C7024A3ED9F00D21CAB /* NotificationController.swift in Sources */ = {isa = PBXBuildFile; fileRef = A9889C6F24A3ED9F00D21CAB /* NotificationController.swift */; };
		A9889C7224A3ED9F00D21CAB /* NotificationView.swift in Sources */ = {isa = PBXBuildFile; fileRef = A9889C7124A3ED9F00D21CAB /* NotificationView.swift */; };
		A9889C7424A3ED9F00D21CAB /* Assets.xcassets in Resources */ = {isa = PBXBuildFile; fileRef = A9889C7324A3ED9F00D21CAB /* Assets.xcassets */; };
		A9889C7724A3ED9F00D21CAB /* Preview Assets.xcassets in Resources */ = {isa = PBXBuildFile; fileRef = A9889C7624A3ED9F00D21CAB /* Preview Assets.xcassets */; };
/* End PBXBuildFile section */

/* Begin PBXContainerItemProxy section */
		A9889C5C24A3ED9D00D21CAB /* PBXContainerItemProxy */ = {
			isa = PBXContainerItemProxy;
			containerPortal = A9889C5024A3ED9D00D21CAB /* Project object */;
			proxyType = 1;
			remoteGlobalIDString = A9889C5924A3ED9D00D21CAB;
			remoteInfo = "CreateComplicationsForAppleWatch WatchKit App";
		};
		A9889C6824A3ED9F00D21CAB /* PBXContainerItemProxy */ = {
			isa = PBXContainerItemProxy;
			containerPortal = A9889C5024A3ED9D00D21CAB /* Project object */;
			proxyType = 1;
			remoteGlobalIDString = A9889C6524A3ED9F00D21CAB;
			remoteInfo = "CreateComplicationsForAppleWatch WatchKit Extension";
		};
/* End PBXContainerItemProxy section */

/* Begin PBXCopyFilesBuildPhase section */
		A9889C7F24A3ED9F00D21CAB /* Embed App Extensions */ = {
			isa = PBXCopyFilesBuildPhase;
			buildActionMask = 2147483647;
			dstPath = "";
			dstSubfolderSpec = 13;
			files = (
				A9889C6724A3ED9F00D21CAB /* CreateComplicationsForAppleWatch WatchKit Extension.appex in Embed App Extensions */,
			);
			name = "Embed App Extensions";
			runOnlyForDeploymentPostprocessing = 0;
		};
		A9889C8324A3ED9F00D21CAB /* Embed Watch Content */ = {
			isa = PBXCopyFilesBuildPhase;
			buildActionMask = 2147483647;
			dstPath = "$(CONTENTS_FOLDER_PATH)/Watch";
			dstSubfolderSpec = 16;
			files = (
				A9889C5B24A3ED9D00D21CAB /* CreateComplicationsForAppleWatch WatchKit App.app in Embed Watch Content */,
			);
			name = "Embed Watch Content";
			runOnlyForDeploymentPostprocessing = 0;
		};
/* End PBXCopyFilesBuildPhase section */

/* Begin PBXFileReference section */
		A9889C5624A3ED9D00D21CAB /* CreateComplicationsForAppleWatch.app */ = {isa = PBXFileReference; explicitFileType = wrapper.application; includeInIndex = 0; path = CreateComplicationsForAppleWatch.app; sourceTree = BUILT_PRODUCTS_DIR; };
		A9889C5A24A3ED9D00D21CAB /* CreateComplicationsForAppleWatch WatchKit App.app */ = {isa = PBXFileReference; explicitFileType = wrapper.application; includeInIndex = 0; path = "CreateComplicationsForAppleWatch WatchKit App.app"; sourceTree = BUILT_PRODUCTS_DIR; };
		A9889C5F24A3ED9E00D21CAB /* Assets.xcassets */ = {isa = PBXFileReference; lastKnownFileType = folder.assetcatalog; path = Assets.xcassets; sourceTree = "<group>"; };
		A9889C6124A3ED9E00D21CAB /* Info.plist */ = {isa = PBXFileReference; lastKnownFileType = text.plist.xml; path = Info.plist; sourceTree = "<group>"; };
		A9889C6624A3ED9F00D21CAB /* CreateComplicationsForAppleWatch WatchKit Extension.appex */ = {isa = PBXFileReference; explicitFileType = "wrapper.app-extension"; includeInIndex = 0; path = "CreateComplicationsForAppleWatch WatchKit Extension.appex"; sourceTree = BUILT_PRODUCTS_DIR; };
		A9889C6B24A3ED9F00D21CAB /* CreateComplicationsForAppleWatchApp.swift */ = {isa = PBXFileReference; lastKnownFileType = sourcecode.swift; path = CreateComplicationsForAppleWatchApp.swift; sourceTree = "<group>"; };
		A9889C6D24A3ED9F00D21CAB /* ContentView.swift */ = {isa = PBXFileReference; lastKnownFileType = sourcecode.swift; path = ContentView.swift; sourceTree = "<group>"; };
		A9889C6F24A3ED9F00D21CAB /* NotificationController.swift */ = {isa = PBXFileReference; lastKnownFileType = sourcecode.swift; path = NotificationController.swift; sourceTree = "<group>"; };
		A9889C7124A3ED9F00D21CAB /* NotificationView.swift */ = {isa = PBXFileReference; lastKnownFileType = sourcecode.swift; path = NotificationView.swift; sourceTree = "<group>"; };
		A9889C7324A3ED9F00D21CAB /* Assets.xcassets */ = {isa = PBXFileReference; lastKnownFileType = folder.assetcatalog; path = Assets.xcassets; sourceTree = "<group>"; };
		A9889C7624A3ED9F00D21CAB /* Preview Assets.xcassets */ = {isa = PBXFileReference; lastKnownFileType = folder.assetcatalog; path = "Preview Assets.xcassets"; sourceTree = "<group>"; };
		A9889C7824A3ED9F00D21CAB /* Info.plist */ = {isa = PBXFileReference; lastKnownFileType = text.plist.xml; path = Info.plist; sourceTree = "<group>"; };
		A9889C7924A3ED9F00D21CAB /* PushNotificationPayload.apns */ = {isa = PBXFileReference; lastKnownFileType = text; path = PushNotificationPayload.apns; sourceTree = "<group>"; };
/* End PBXFileReference section */

/* Begin PBXFrameworksBuildPhase section */
		A9889C6324A3ED9F00D21CAB /* Frameworks */ = {
			isa = PBXFrameworksBuildPhase;
			buildActionMask = 2147483647;
			files = (
			);
			runOnlyForDeploymentPostprocessing = 0;
		};
/* End PBXFrameworksBuildPhase section */

/* Begin PBXGroup section */
		A9889C4F24A3ED9D00D21CAB = {
			isa = PBXGroup;
			children = (
				A9889C5E24A3ED9D00D21CAB /* CreateComplicationsForAppleWatch WatchKit App */,
				A9889C6A24A3ED9F00D21CAB /* CreateComplicationsForAppleWatch WatchKit Extension */,
				A9889C5724A3ED9D00D21CAB /* Products */,
			);
			sourceTree = "<group>";
		};
		A9889C5724A3ED9D00D21CAB /* Products */ = {
			isa = PBXGroup;
			children = (
				A9889C5624A3ED9D00D21CAB /* CreateComplicationsForAppleWatch.app */,
				A9889C5A24A3ED9D00D21CAB /* CreateComplicationsForAppleWatch WatchKit App.app */,
				A9889C6624A3ED9F00D21CAB /* CreateComplicationsForAppleWatch WatchKit Extension.appex */,
			);
			name = Products;
			sourceTree = "<group>";
		};
		A9889C5E24A3ED9D00D21CAB /* CreateComplicationsForAppleWatch WatchKit App */ = {
			isa = PBXGroup;
			children = (
				A9889C5F24A3ED9E00D21CAB /* Assets.xcassets */,
				A9889C6124A3ED9E00D21CAB /* Info.plist */,
			);
			path = "CreateComplicationsForAppleWatch WatchKit App";
			sourceTree = "<group>";
		};
		A9889C6A24A3ED9F00D21CAB /* CreateComplicationsForAppleWatch WatchKit Extension */ = {
			isa = PBXGroup;
			children = (
				A9889C6B24A3ED9F00D21CAB /* CreateComplicationsForAppleWatchApp.swift */,
				A9889C6D24A3ED9F00D21CAB /* ContentView.swift */,
				A9889C6F24A3ED9F00D21CAB /* NotificationController.swift */,
				A9889C7124A3ED9F00D21CAB /* NotificationView.swift */,
				A9889C7324A3ED9F00D21CAB /* Assets.xcassets */,
				A9889C7824A3ED9F00D21CAB /* Info.plist */,
				A9889C7924A3ED9F00D21CAB /* PushNotificationPayload.apns */,
				A9889C7524A3ED9F00D21CAB /* Preview Content */,
			);
			path = "CreateComplicationsForAppleWatch WatchKit Extension";
			sourceTree = "<group>";
		};
		A9889C7524A3ED9F00D21CAB /* Preview Content */ = {
			isa = PBXGroup;
			children = (
				A9889C7624A3ED9F00D21CAB /* Preview Assets.xcassets */,
			);
			path = "Preview Content";
			sourceTree = "<group>";
		};
/* End PBXGroup section */

/* Begin PBXNativeTarget section */
		A9889C5524A3ED9D00D21CAB /* CreateComplicationsForAppleWatch */ = {
			isa = PBXNativeTarget;
			buildConfigurationList = A9889C8424A3ED9F00D21CAB /* Build configuration list for PBXNativeTarget "CreateComplicationsForAppleWatch" */;
			buildPhases = (
				A9889C5424A3ED9D00D21CAB /* Resources */,
				A9889C8324A3ED9F00D21CAB /* Embed Watch Content */,
			);
			buildRules = (
			);
			dependencies = (
				A9889C5D24A3ED9D00D21CAB /* PBXTargetDependency */,
			);
			name = CreateComplicationsForAppleWatch;
			productName = CreateComplicationsForAppleWatch;
			productReference = A9889C5624A3ED9D00D21CAB /* CreateComplicationsForAppleWatch.app */;
			productType = "com.apple.product-type.application.watchapp2-container";
		};
		A9889C5924A3ED9D00D21CAB /* CreateComplicationsForAppleWatch WatchKit App */ = {
			isa = PBXNativeTarget;
			buildConfigurationList = A9889C8024A3ED9F00D21CAB /* Build configuration list for PBXNativeTarget "CreateComplicationsForAppleWatch WatchKit App" */;
			buildPhases = (
				A9889C5824A3ED9D00D21CAB /* Resources */,
				A9889C7F24A3ED9F00D21CAB /* Embed App Extensions */,
			);
			buildRules = (
			);
			dependencies = (
				A9889C6924A3ED9F00D21CAB /* PBXTargetDependency */,
			);
			name = "CreateComplicationsForAppleWatch WatchKit App";
			productName = "CreateComplicationsForAppleWatch WatchKit App";
			productReference = A9889C5A24A3ED9D00D21CAB /* CreateComplicationsForAppleWatch WatchKit App.app */;
			productType = "com.apple.product-type.application.watchapp2";
		};
		A9889C6524A3ED9F00D21CAB /* CreateComplicationsForAppleWatch WatchKit Extension */ = {
			isa = PBXNativeTarget;
			buildConfigurationList = A9889C7C24A3ED9F00D21CAB /* Build configuration list for PBXNativeTarget "CreateComplicationsForAppleWatch WatchKit Extension" */;
			buildPhases = (
				A9889C6224A3ED9F00D21CAB /* Sources */,
				A9889C6324A3ED9F00D21CAB /* Frameworks */,
				A9889C6424A3ED9F00D21CAB /* Resources */,
			);
			buildRules = (
			);
			dependencies = (
			);
			name = "CreateComplicationsForAppleWatch WatchKit Extension";
			productName = "CreateComplicationsForAppleWatch WatchKit Extension";
			productReference = A9889C6624A3ED9F00D21CAB /* CreateComplicationsForAppleWatch WatchKit Extension.appex */;
			productType = "com.apple.product-type.watchkit2-extension";
		};
/* End PBXNativeTarget section */

/* Begin PBXProject section */
		A9889C5024A3ED9D00D21CAB /* Project object */ = {
			isa = PBXProject;
			attributes = {
				LastSwiftUpdateCheck = 1200;
				LastUpgradeCheck = 1200;
				TargetAttributes = {
					A9889C5524A3ED9D00D21CAB = {
						CreatedOnToolsVersion = 12.0;
					};
					A9889C5924A3ED9D00D21CAB = {
						CreatedOnToolsVersion = 12.0;
					};
					A9889C6524A3ED9F00D21CAB = {
						CreatedOnToolsVersion = 12.0;
					};
				};
			};
			buildConfigurationList = A9889C5324A3ED9D00D21CAB /* Build configuration list for PBXProject "CreateComplicationsForAppleWatch" */;
			compatibilityVersion = "Xcode 9.3";
			developmentRegion = en;
			hasScannedForEncodings = 0;
			knownRegions = (
				en,
				Base,
			);
			mainGroup = A9889C4F24A3ED9D00D21CAB;
			productRefGroup = A9889C5724A3ED9D00D21CAB /* Products */;
			projectDirPath = "";
			projectRoot = "";
			targets = (
				A9889C5524A3ED9D00D21CAB /* CreateComplicationsForAppleWatch */,
				A9889C5924A3ED9D00D21CAB /* CreateComplicationsForAppleWatch WatchKit App */,
				A9889C6524A3ED9F00D21CAB /* CreateComplicationsForAppleWatch WatchKit Extension */,
			);
		};
/* End PBXProject section */

/* Begin PBXResourcesBuildPhase section */
		A9889C5424A3ED9D00D21CAB /* Resources */ = {
			isa = PBXResourcesBuildPhase;
			buildActionMask = 2147483647;
			files = (
			);
			runOnlyForDeploymentPostprocessing = 0;
		};
		A9889C5824A3ED9D00D21CAB /* Resources */ = {
			isa = PBXResourcesBuildPhase;
			buildActionMask = 2147483647;
			files = (
				A9889C6024A3ED9E00D21CAB /* Assets.xcassets in Resources */,
			);
			runOnlyForDeploymentPostprocessing = 0;
		};
		A9889C6424A3ED9F00D21CAB /* Resources */ = {
			isa = PBXResourcesBuildPhase;
			buildActionMask = 2147483647;
			files = (
				A9889C7724A3ED9F00D21CAB /* Preview Assets.xcassets in Resources */,
				A9889C7424A3ED9F00D21CAB /* Assets.xcassets in Resources */,
			);
			runOnlyForDeploymentPostprocessing = 0;
		};
/* End PBXResourcesBuildPhase section */

/* Begin PBXSourcesBuildPhase section */
		A9889C6224A3ED9F00D21CAB /* Sources */ = {
			isa = PBXSourcesBuildPhase;
			buildActionMask = 2147483647;
			files = (
				A9889C7024A3ED9F00D21CAB /* NotificationController.swift in Sources */,
				A9889C6E24A3ED9F00D21CAB /* ContentView.swift in Sources */,
				A9889C6C24A3ED9F00D21CAB /* CreateComplicationsForAppleWatchApp.swift in Sources */,
				A9889C7224A3ED9F00D21CAB /* NotificationView.swift in Sources */,
			);
			runOnlyForDeploymentPostprocessing = 0;
		};
/* End PBXSourcesBuildPhase section */

/* Begin PBXTargetDependency section */
		A9889C5D24A3ED9D00D21CAB /* PBXTargetDependency */ = {
			isa = PBXTargetDependency;
			target = A9889C5924A3ED9D00D21CAB /* CreateComplicationsForAppleWatch WatchKit App */;
			targetProxy = A9889C5C24A3ED9D00D21CAB /* PBXContainerItemProxy */;
		};
		A9889C6924A3ED9F00D21CAB /* PBXTargetDependency */ = {
			isa = PBXTargetDependency;
			target = A9889C6524A3ED9F00D21CAB /* CreateComplicationsForAppleWatch WatchKit Extension */;
			targetProxy = A9889C6824A3ED9F00D21CAB /* PBXContainerItemProxy */;
		};
/* End PBXTargetDependency section */

/* Begin XCBuildConfiguration section */
		A9889C7A24A3ED9F00D21CAB /* Debug */ = {
			isa = XCBuildConfiguration;
			buildSettings = {
				ALWAYS_SEARCH_USER_PATHS = NO;
				CLANG_ANALYZER_NONNULL = YES;
				CLANG_ANALYZER_NUMBER_OBJECT_CONVERSION = YES_AGGRESSIVE;
				CLANG_CXX_LANGUAGE_STANDARD = "gnu++14";
				CLANG_CXX_LIBRARY = "libc++";
				CLANG_ENABLE_MODULES = YES;
				CLANG_ENABLE_OBJC_ARC = YES;
				CLANG_ENABLE_OBJC_WEAK = YES;
				CLANG_WARN_BLOCK_CAPTURE_AUTORELEASING = YES;
				CLANG_WARN_BOOL_CONVERSION = YES;
				CLANG_WARN_COMMA = YES;
				CLANG_WARN_CONSTANT_CONVERSION = YES;
				CLANG_WARN_DEPRECATED_OBJC_IMPLEMENTATIONS = YES;
				CLANG_WARN_DIRECT_OBJC_ISA_USAGE = YES_ERROR;
				CLANG_WARN_DOCUMENTATION_COMMENTS = YES;
				CLANG_WARN_EMPTY_BODY = YES;
				CLANG_WARN_ENUM_CONVERSION = YES;
				CLANG_WARN_INFINITE_RECURSION = YES;
				CLANG_WARN_INT_CONVERSION = YES;
				CLANG_WARN_NON_LITERAL_NULL_CONVERSION = YES;
				CLANG_WARN_OBJC_IMPLICIT_RETAIN_SELF = YES;
				CLANG_WARN_OBJC_LITERAL_CONVERSION = YES;
				CLANG_WARN_OBJC_ROOT_CLASS = YES_ERROR;
				CLANG_WARN_QUOTED_INCLUDE_IN_FRAMEWORK_HEADER = YES;
				CLANG_WARN_RANGE_LOOP_ANALYSIS = YES;
				CLANG_WARN_STRICT_PROTOTYPES = YES;
				CLANG_WARN_SUSPICIOUS_MOVE = YES;
				CLANG_WARN_UNGUARDED_AVAILABILITY = YES_AGGRESSIVE;
				CLANG_WARN_UNREACHABLE_CODE = YES;
				CLANG_WARN__DUPLICATE_METHOD_MATCH = YES;
				COPY_PHASE_STRIP = NO;
				DEBUG_INFORMATION_FORMAT = dwarf;
				ENABLE_STRICT_OBJC_MSGSEND = YES;
				ENABLE_TESTABILITY = YES;
				GCC_C_LANGUAGE_STANDARD = gnu11;
				GCC_DYNAMIC_NO_PIC = NO;
				GCC_NO_COMMON_BLOCKS = YES;
				GCC_OPTIMIZATION_LEVEL = 0;
				GCC_PREPROCESSOR_DEFINITIONS = (
					"DEBUG=1",
					"$(inherited)",
				);
				GCC_WARN_64_TO_32_BIT_CONVERSION = YES;
				GCC_WARN_ABOUT_RETURN_TYPE = YES_ERROR;
				GCC_WARN_UNDECLARED_SELECTOR = YES;
				GCC_WARN_UNINITIALIZED_AUTOS = YES_AGGRESSIVE;
				GCC_WARN_UNUSED_FUNCTION = YES;
				GCC_WARN_UNUSED_VARIABLE = YES;
				MTL_ENABLE_DEBUG_INFO = INCLUDE_SOURCE;
				MTL_FAST_MATH = YES;
				ONLY_ACTIVE_ARCH = YES;
				SDKROOT = iphoneos;
				SWIFT_ACTIVE_COMPILATION_CONDITIONS = DEBUG;
				SWIFT_OPTIMIZATION_LEVEL = "-Onone";
			};
			name = Debug;
		};
		A9889C7B24A3ED9F00D21CAB /* Release */ = {
			isa = XCBuildConfiguration;
			buildSettings = {
				ALWAYS_SEARCH_USER_PATHS = NO;
				CLANG_ANALYZER_NONNULL = YES;
				CLANG_ANALYZER_NUMBER_OBJECT_CONVERSION = YES_AGGRESSIVE;
				CLANG_CXX_LANGUAGE_STANDARD = "gnu++14";
				CLANG_CXX_LIBRARY = "libc++";
				CLANG_ENABLE_MODULES = YES;
				CLANG_ENABLE_OBJC_ARC = YES;
				CLANG_ENABLE_OBJC_WEAK = YES;
				CLANG_WARN_BLOCK_CAPTURE_AUTORELEASING = YES;
				CLANG_WARN_BOOL_CONVERSION = YES;
				CLANG_WARN_COMMA = YES;
				CLANG_WARN_CONSTANT_CONVERSION = YES;
				CLANG_WARN_DEPRECATED_OBJC_IMPLEMENTATIONS = YES;
				CLANG_WARN_DIRECT_OBJC_ISA_USAGE = YES_ERROR;
				CLANG_WARN_DOCUMENTATION_COMMENTS = YES;
				CLANG_WARN_EMPTY_BODY = YES;
				CLANG_WARN_ENUM_CONVERSION = YES;
				CLANG_WARN_INFINITE_RECURSION = YES;
				CLANG_WARN_INT_CONVERSION = YES;
				CLANG_WARN_NON_LITERAL_NULL_CONVERSION = YES;
				CLANG_WARN_OBJC_IMPLICIT_RETAIN_SELF = YES;
				CLANG_WARN_OBJC_LITERAL_CONVERSION = YES;
				CLANG_WARN_OBJC_ROOT_CLASS = YES_ERROR;
				CLANG_WARN_QUOTED_INCLUDE_IN_FRAMEWORK_HEADER = YES;
				CLANG_WARN_RANGE_LOOP_ANALYSIS = YES;
				CLANG_WARN_STRICT_PROTOTYPES = YES;
				CLANG_WARN_SUSPICIOUS_MOVE = YES;
				CLANG_WARN_UNGUARDED_AVAILABILITY = YES_AGGRESSIVE;
				CLANG_WARN_UNREACHABLE_CODE = YES;
				CLANG_WARN__DUPLICATE_METHOD_MATCH = YES;
				COPY_PHASE_STRIP = NO;
				DEBUG_INFORMATION_FORMAT = "dwarf-with-dsym";
				ENABLE_NS_ASSERTIONS = NO;
				ENABLE_STRICT_OBJC_MSGSEND = YES;
				GCC_C_LANGUAGE_STANDARD = gnu11;
				GCC_NO_COMMON_BLOCKS = YES;
				GCC_WARN_64_TO_32_BIT_CONVERSION = YES;
				GCC_WARN_ABOUT_RETURN_TYPE = YES_ERROR;
				GCC_WARN_UNDECLARED_SELECTOR = YES;
				GCC_WARN_UNINITIALIZED_AUTOS = YES_AGGRESSIVE;
				GCC_WARN_UNUSED_FUNCTION = YES;
				GCC_WARN_UNUSED_VARIABLE = YES;
				MTL_ENABLE_DEBUG_INFO = NO;
				MTL_FAST_MATH = YES;
				SDKROOT = iphoneos;
				SWIFT_COMPILATION_MODE = wholemodule;
				SWIFT_OPTIMIZATION_LEVEL = "-O";
				VALIDATE_PRODUCT = YES;
			};
			name = Release;
		};
		A9889C7D24A3ED9F00D21CAB /* Debug */ = {
			isa = XCBuildConfiguration;
			buildSettings = {
				ASSETCATALOG_COMPILER_COMPLICATION_NAME = Complication;
				CODE_SIGN_STYLE = Automatic;
				DEVELOPMENT_ASSET_PATHS = "\"CreateComplicationsForAppleWatch WatchKit Extension/Preview Content\"";
				DEVELOPMENT_TEAM = PMEDFW438U;
				ENABLE_PREVIEWS = YES;
				INFOPLIST_FILE = "CreateComplicationsForAppleWatch WatchKit Extension/Info.plist";
				LD_RUNPATH_SEARCH_PATHS = (
					"$(inherited)",
					"@executable_path/Frameworks",
					"@executable_path/../../Frameworks",
				);
				PRODUCT_BUNDLE_IDENTIFIER = com.danielsaidi.wwdc20.CreateComplicationsForAppleWatch.watchkitapp.watchkitextension;
				PRODUCT_NAME = "${TARGET_NAME}";
				SDKROOT = watchos;
				SKIP_INSTALL = YES;
				SWIFT_VERSION = 5.0;
				TARGETED_DEVICE_FAMILY = 4;
				WATCHOS_DEPLOYMENT_TARGET = 7.0;
			};
			name = Debug;
		};
		A9889C7E24A3ED9F00D21CAB /* Release */ = {
			isa = XCBuildConfiguration;
			buildSettings = {
				ASSETCATALOG_COMPILER_COMPLICATION_NAME = Complication;
				CODE_SIGN_STYLE = Automatic;
				DEVELOPMENT_ASSET_PATHS = "\"CreateComplicationsForAppleWatch WatchKit Extension/Preview Content\"";
				DEVELOPMENT_TEAM = PMEDFW438U;
				ENABLE_PREVIEWS = YES;
				INFOPLIST_FILE = "CreateComplicationsForAppleWatch WatchKit Extension/Info.plist";
				LD_RUNPATH_SEARCH_PATHS = (
					"$(inherited)",
					"@executable_path/Frameworks",
					"@executable_path/../../Frameworks",
				);
				PRODUCT_BUNDLE_IDENTIFIER = com.danielsaidi.wwdc20.CreateComplicationsForAppleWatch.watchkitapp.watchkitextension;
				PRODUCT_NAME = "${TARGET_NAME}";
				SDKROOT = watchos;
				SKIP_INSTALL = YES;
				SWIFT_VERSION = 5.0;
				TARGETED_DEVICE_FAMILY = 4;
				WATCHOS_DEPLOYMENT_TARGET = 7.0;
			};
			name = Release;
		};
		A9889C8124A3ED9F00D21CAB /* Debug */ = {
			isa = XCBuildConfiguration;
			buildSettings = {
				ALWAYS_EMBED_SWIFT_STANDARD_LIBRARIES = YES;
				ASSETCATALOG_COMPILER_APPICON_NAME = AppIcon;
				ASSETCATALOG_COMPILER_GLOBAL_ACCENT_COLOR_NAME = AccentColor;
				CODE_SIGN_STYLE = Automatic;
				DEVELOPMENT_TEAM = PMEDFW438U;
				IBSC_MODULE = CreateComplicationsForAppleWatch_WatchKit_Extension;
				INFOPLIST_FILE = "CreateComplicationsForAppleWatch WatchKit App/Info.plist";
				PRODUCT_BUNDLE_IDENTIFIER = com.danielsaidi.wwdc20.CreateComplicationsForAppleWatch.watchkitapp;
				PRODUCT_NAME = "$(TARGET_NAME)";
				SDKROOT = watchos;
				SKIP_INSTALL = YES;
				SWIFT_VERSION = 5.0;
				TARGETED_DEVICE_FAMILY = 4;
				WATCHOS_DEPLOYMENT_TARGET = 7.0;
			};
			name = Debug;
		};
		A9889C8224A3ED9F00D21CAB /* Release */ = {
			isa = XCBuildConfiguration;
			buildSettings = {
				ALWAYS_EMBED_SWIFT_STANDARD_LIBRARIES = YES;
				ASSETCATALOG_COMPILER_APPICON_NAME = AppIcon;
				ASSETCATALOG_COMPILER_GLOBAL_ACCENT_COLOR_NAME = AccentColor;
				CODE_SIGN_STYLE = Automatic;
				DEVELOPMENT_TEAM = PMEDFW438U;
				IBSC_MODULE = CreateComplicationsForAppleWatch_WatchKit_Extension;
				INFOPLIST_FILE = "CreateComplicationsForAppleWatch WatchKit App/Info.plist";
				PRODUCT_BUNDLE_IDENTIFIER = com.danielsaidi.wwdc20.CreateComplicationsForAppleWatch.watchkitapp;
				PRODUCT_NAME = "$(TARGET_NAME)";
				SDKROOT = watchos;
				SKIP_INSTALL = YES;
				SWIFT_VERSION = 5.0;
				TARGETED_DEVICE_FAMILY = 4;
				WATCHOS_DEPLOYMENT_TARGET = 7.0;
			};
			name = Release;
		};
		A9889C8524A3ED9F00D21CAB /* Debug */ = {
			isa = XCBuildConfiguration;
			buildSettings = {
				ASSETCATALOG_COMPILER_GLOBAL_ACCENT_COLOR_NAME = AccentColor;
				CODE_SIGN_STYLE = Automatic;
				CURRENT_PROJECT_VERSION = 1;
				DEVELOPMENT_TEAM = PMEDFW438U;
				MARKETING_VERSION = 1.0;
				PRODUCT_BUNDLE_IDENTIFIER = com.danielsaidi.wwdc20.CreateComplicationsForAppleWatch;
				PRODUCT_NAME = "$(TARGET_NAME)";
				SWIFT_VERSION = 5.0;
			};
			name = Debug;
		};
		A9889C8624A3ED9F00D21CAB /* Release */ = {
			isa = XCBuildConfiguration;
			buildSettings = {
				ASSETCATALOG_COMPILER_GLOBAL_ACCENT_COLOR_NAME = AccentColor;
				CODE_SIGN_STYLE = Automatic;
				CURRENT_PROJECT_VERSION = 1;
				DEVELOPMENT_TEAM = PMEDFW438U;
				MARKETING_VERSION = 1.0;
				PRODUCT_BUNDLE_IDENTIFIER = com.danielsaidi.wwdc20.CreateComplicationsForAppleWatch;
				PRODUCT_NAME = "$(TARGET_NAME)";
				SWIFT_VERSION = 5.0;
			};
			name = Release;
		};
/* End XCBuildConfiguration section */

/* Begin XCConfigurationList section */
		A9889C5324A3ED9D00D21CAB /* Build configuration list for PBXProject "CreateComplicationsForAppleWatch" */ = {
			isa = XCConfigurationList;
			buildConfigurations = (
				A9889C7A24A3ED9F00D21CAB /* Debug */,
				A9889C7B24A3ED9F00D21CAB /* Release */,
			);
			defaultConfigurationIsVisible = 0;
			defaultConfigurationName = Release;
		};
		A9889C7C24A3ED9F00D21CAB /* Build configuration list for PBXNativeTarget "CreateComplicationsForAppleWatch WatchKit Extension" */ = {
			isa = XCConfigurationList;
			buildConfigurations = (
				A9889C7D24A3ED9F00D21CAB /* Debug */,
				A9889C7E24A3ED9F00D21CAB /* Release */,
			);
			defaultConfigurationIsVisible = 0;
			defaultConfigurationName = Release;
		};
		A9889C8024A3ED9F00D21CAB /* Build configuration list for PBXNativeTarget "CreateComplicationsForAppleWatch WatchKit App" */ = {
			isa = XCConfigurationList;
			buildConfigurations = (
				A9889C8124A3ED9F00D21CAB /* Debug */,
				A9889C8224A3ED9F00D21CAB /* Release */,
			);
			defaultConfigurationIsVisible = 0;
			defaultConfigurationName = Release;
		};
		A9889C8424A3ED9F00D21CAB /* Build configuration list for PBXNativeTarget "CreateComplicationsForAppleWatch" */ = {
			isa = XCConfigurationList;
			buildConfigurations = (
				A9889C8524A3ED9F00D21CAB /* Debug */,
				A9889C8624A3ED9F00D21CAB /* Release */,
			);
			defaultConfigurationIsVisible = 0;
			defaultConfigurationName = Release;
		};
/* End XCConfigurationList section */
	};
	rootObject = A9889C5024A3ED9D00D21CAB /* Project object */;
}
